
Microsoft Visual Studio Solution File, Format Version 12.00
# Visual Studio Version 16
VisualStudioVersion = 16.0.31729.503
MinimumVisualStudioVersion = 10.0.40219.1
Project("{FAE04EC0-301F-11D3-BF4B-00C04F79EFBC}") = "DecimalToBinaryCSharpProject", "DecimalToBinaryCSharpProject\DecimalToBinaryCSharpProject.csproj", "{07E9BFEB-BBF8-4C9C-AF42-B8189A78138F}"
EndProject
Global
	GlobalSection(SolutionConfigurationPlatforms) = preSolution
		Debug|Any CPU = Debug|Any CPU
		Release|Any CPU = Release|Any CPU
	EndGlobalSection
	GlobalSection(ProjectConfigurationPlatforms) = postSolution
		{07E9BFEB-BBF8-4C9C-AF42-B8189A78138F}.Debug|Any CPU.ActiveCfg = Debug|Any CPU
		{07E9BFEB-BBF8-4C9C-AF42-B8189A78138F}.Debug|Any CPU.Build.0 = Debug|Any CPU
		{07E9BFEB-BBF8-4C9C-AF42-B8189A78138F}.Release|Any CPU.ActiveCfg = Release|Any CPU
		{07E9BFEB-BBF8-4C9C-AF42-B8189A78138F}.Release|Any CPU.Build.0 = Release|Any CPU
	EndGlobalSection
	GlobalSection(SolutionProperties) = preSolution
		HideSolutionNode = FALSE
	EndGlobalSection
	GlobalSection(ExtensibilityGlobals) = postSolution
		SolutionGuid = {7A4AEAAD-2441-4347-8B6C-870136D2F3A7}
	EndGlobalSection
EndGlobal
